// !$*UTF8*$!
{
	archiveVersion = 1;
	classes = {
	};
	objectVersion = 55;
	objects = {

/* Begin PBXBuildFile section */
		C49CB0DD2861AC5400E1BE87 /* SettingsView.swift in Sources */ = {isa = PBXBuildFile; fileRef = C49CB0DC2861AC5300E1BE87 /* SettingsView.swift */; };
		C49CB0DF2861AC6600E1BE87 /* FeedView.swift in Sources */ = {isa = PBXBuildFile; fileRef = C49CB0DE2861AC6600E1BE87 /* FeedView.swift */; };
		C4B1D13C2860ED2000197EB3 /* NewsAppApp.swift in Sources */ = {isa = PBXBuildFile; fileRef = C4B1D13B2860ED2000197EB3 /* NewsAppApp.swift */; };
		C4B1D1402860ED2400197EB3 /* Assets.xcassets in Resources */ = {isa = PBXBuildFile; fileRef = C4B1D13F2860ED2400197EB3 /* Assets.xcassets */; };
		C4B1D1432860ED2400197EB3 /* Preview Assets.xcassets in Resources */ = {isa = PBXBuildFile; fileRef = C4B1D1422860ED2400197EB3 /* Preview Assets.xcassets */; };
		C4B1D14B2860ED5500197EB3 /* HomeView.swift in Sources */ = {isa = PBXBuildFile; fileRef = C4B1D14A2860ED5500197EB3 /* HomeView.swift */; };
		C4B1D14E286101BB00197EB3 /* NewsModel.swift in Sources */ = {isa = PBXBuildFile; fileRef = C4B1D14D286101BB00197EB3 /* NewsModel.swift */; };
		C4B1D1512861022600197EB3 /* NewsEndpoint.swift in Sources */ = {isa = PBXBuildFile; fileRef = C4B1D1502861022600197EB3 /* NewsEndpoint.swift */; };
		C4B1D1542861036900197EB3 /* APIError.swift in Sources */ = {isa = PBXBuildFile; fileRef = C4B1D1532861036900197EB3 /* APIError.swift */; };
		C4B1D1572861046000197EB3 /* NewsService.swift in Sources */ = {isa = PBXBuildFile; fileRef = C4B1D1562861046000197EB3 /* NewsService.swift */; };
		C4B1D15A2861076700197EB3 /* ResultState.swift in Sources */ = {isa = PBXBuildFile; fileRef = C4B1D1592861076700197EB3 /* ResultState.swift */; };
		C4B1D15D286107AD00197EB3 /* NewsViewModel.swift in Sources */ = {isa = PBXBuildFile; fileRef = C4B1D15C286107AD00197EB3 /* NewsViewModel.swift */; };
		C4B1D16028610C5B00197EB3 /* URLImage in Frameworks */ = {isa = PBXBuildFile; productRef = C4B1D15F28610C5B00197EB3 /* URLImage */; };
		C4B1D16228610C5B00197EB3 /* URLImageStore in Frameworks */ = {isa = PBXBuildFile; productRef = C4B1D16128610C5B00197EB3 /* URLImageStore */; };
		C4B1D16428610C8000197EB3 /* ArticleView.swift in Sources */ = {isa = PBXBuildFile; fileRef = C4B1D16328610C8000197EB3 /* ArticleView.swift */; };
		C4B1D1662861116800197EB3 /* ErrorView.swift in Sources */ = {isa = PBXBuildFile; fileRef = C4B1D1652861116800197EB3 /* ErrorView.swift */; };
/* End PBXBuildFile section */

/* Begin PBXFileReference section */
		C49CB0DC2861AC5300E1BE87 /* SettingsView.swift */ = {isa = PBXFileReference; lastKnownFileType = sourcecode.swift; path = SettingsView.swift; sourceTree = "<group>"; };
		C49CB0DE2861AC6600E1BE87 /* FeedView.swift */ = {isa = PBXFileReference; lastKnownFileType = sourcecode.swift; path = FeedView.swift; sourceTree = "<group>"; };
		C4B1D1382860ED2000197EB3 /* NewsApp.app */ = {isa = PBXFileReference; explicitFileType = wrapper.application; includeInIndex = 0; path = NewsApp.app; sourceTree = BUILT_PRODUCTS_DIR; };
		C4B1D13B2860ED2000197EB3 /* NewsAppApp.swift */ = {isa = PBXFileReference; lastKnownFileType = sourcecode.swift; path = NewsAppApp.swift; sourceTree = "<group>"; };
		C4B1D13F2860ED2400197EB3 /* Assets.xcassets */ = {isa = PBXFileReference; lastKnownFileType = folder.assetcatalog; path = Assets.xcassets; sourceTree = "<group>"; };
		C4B1D1422860ED2400197EB3 /* Preview Assets.xcassets */ = {isa = PBXFileReference; lastKnownFileType = folder.assetcatalog; path = "Preview Assets.xcassets"; sourceTree = "<group>"; };
		C4B1D14A2860ED5500197EB3 /* HomeView.swift */ = {isa = PBXFileReference; lastKnownFileType = sourcecode.swift; path = HomeView.swift; sourceTree = "<group>"; };
		C4B1D14D286101BB00197EB3 /* NewsModel.swift */ = {isa = PBXFileReference; lastKnownFileType = sourcecode.swift; path = NewsModel.swift; sourceTree = "<group>"; };
		C4B1D1502861022600197EB3 /* NewsEndpoint.swift */ = {isa = PBXFileReference; lastKnownFileType = sourcecode.swift; path = NewsEndpoint.swift; sourceTree = "<group>"; };
		C4B1D1532861036900197EB3 /* APIError.swift */ = {isa = PBXFileReference; lastKnownFileType = sourcecode.swift; path = APIError.swift; sourceTree = "<group>"; };
		C4B1D1562861046000197EB3 /* NewsService.swift */ = {isa = PBXFileReference; lastKnownFileType = sourcecode.swift; path = NewsService.swift; sourceTree = "<group>"; };
		C4B1D1592861076700197EB3 /* ResultState.swift */ = {isa = PBXFileReference; lastKnownFileType = sourcecode.swift; path = ResultState.swift; sourceTree = "<group>"; };
		C4B1D15C286107AD00197EB3 /* NewsViewModel.swift */ = {isa = PBXFileReference; lastKnownFileType = sourcecode.swift; path = NewsViewModel.swift; sourceTree = "<group>"; };
		C4B1D16328610C8000197EB3 /* ArticleView.swift */ = {isa = PBXFileReference; lastKnownFileType = sourcecode.swift; path = ArticleView.swift; sourceTree = "<group>"; };
		C4B1D1652861116800197EB3 /* ErrorView.swift */ = {isa = PBXFileReference; lastKnownFileType = sourcecode.swift; path = ErrorView.swift; sourceTree = "<group>"; };
/* End PBXFileReference section */

/* Begin PBXFrameworksBuildPhase section */
		C4B1D1352860ED2000197EB3 /* Frameworks */ = {
			isa = PBXFrameworksBuildPhase;
			buildActionMask = 2147483647;
			files = (
				C4B1D16228610C5B00197EB3 /* URLImageStore in Frameworks */,
				C4B1D16028610C5B00197EB3 /* URLImage in Frameworks */,
			);
			runOnlyForDeploymentPostprocessing = 0;
		};
/* End PBXFrameworksBuildPhase section */

/* Begin PBXGroup section */
		C4B1D12F2860ED2000197EB3 = {
			isa = PBXGroup;
			children = (
				C4B1D13A2860ED2000197EB3 /* NewsApp */,
				C4B1D1392860ED2000197EB3 /* Products */,
			);
			sourceTree = "<group>";
		};
		C4B1D1392860ED2000197EB3 /* Products */ = {
			isa = PBXGroup;
			children = (
				C4B1D1382860ED2000197EB3 /* NewsApp.app */,
			);
			name = Products;
			sourceTree = "<group>";
		};
		C4B1D13A2860ED2000197EB3 /* NewsApp */ = {
			isa = PBXGroup;
			children = (
				C4B1D15B2861079D00197EB3 /* ViewModel */,
				C4B1D1582861075600197EB3 /* States */,
				C4B1D1552861044A00197EB3 /* Service */,
				C4B1D1522861035900197EB3 /* Error */,
				C4B1D14F2861021400197EB3 /* Endpoint */,
				C4B1D14C286101A400197EB3 /* Model */,
				C4B1D1492860ED3F00197EB3 /* Views */,
				C4B1D13B2860ED2000197EB3 /* NewsAppApp.swift */,
				C4B1D13F2860ED2400197EB3 /* Assets.xcassets */,
				C4B1D1412860ED2400197EB3 /* Preview Content */,
			);
			path = NewsApp;
			sourceTree = "<group>";
		};
		C4B1D1412860ED2400197EB3 /* Preview Content */ = {
			isa = PBXGroup;
			children = (
				C4B1D1422860ED2400197EB3 /* Preview Assets.xcassets */,
			);
			path = "Preview Content";
			sourceTree = "<group>";
		};
		C4B1D1492860ED3F00197EB3 /* Views */ = {
			isa = PBXGroup;
			children = (
				C4B1D14A2860ED5500197EB3 /* HomeView.swift */,
				C4B1D16328610C8000197EB3 /* ArticleView.swift */,
				C4B1D1652861116800197EB3 /* ErrorView.swift */,
				C49CB0DC2861AC5300E1BE87 /* SettingsView.swift */,
				C49CB0DE2861AC6600E1BE87 /* FeedView.swift */,
			);
			path = Views;
			sourceTree = "<group>";
		};
		C4B1D14C286101A400197EB3 /* Model */ = {
			isa = PBXGroup;
			children = (
				C4B1D14D286101BB00197EB3 /* NewsModel.swift */,
			);
			path = Model;
			sourceTree = "<group>";
		};
		C4B1D14F2861021400197EB3 /* Endpoint */ = {
			isa = PBXGroup;
			children = (
				C4B1D1502861022600197EB3 /* NewsEndpoint.swift */,
			);
			path = Endpoint;
			sourceTree = "<group>";
		};
		C4B1D1522861035900197EB3 /* Error */ = {
			isa = PBXGroup;
			children = (
				C4B1D1532861036900197EB3 /* APIError.swift */,
			);
			path = Error;
			sourceTree = "<group>";
		};
		C4B1D1552861044A00197EB3 /* Service */ = {
			isa = PBXGroup;
			children = (
				C4B1D1562861046000197EB3 /* NewsService.swift */,
			);
			path = Service;
			sourceTree = "<group>";
		};
		C4B1D1582861075600197EB3 /* States */ = {
			isa = PBXGroup;
			children = (
				C4B1D1592861076700197EB3 /* ResultState.swift */,
			);
			path = States;
			sourceTree = "<group>";
		};
		C4B1D15B2861079D00197EB3 /* ViewModel */ = {
			isa = PBXGroup;
			children = (
				C4B1D15C286107AD00197EB3 /* NewsViewModel.swift */,
			);
			path = ViewModel;
			sourceTree = "<group>";
		};
/* End PBXGroup section */

/* Begin PBXNativeTarget section */
		C4B1D1372860ED2000197EB3 /* NewsApp */ = {
			isa = PBXNativeTarget;
			buildConfigurationList = C4B1D1462860ED2400197EB3 /* Build configuration list for PBXNativeTarget "NewsApp" */;
			buildPhases = (
				C4B1D1342860ED2000197EB3 /* Sources */,
				C4B1D1352860ED2000197EB3 /* Frameworks */,
				C4B1D1362860ED2000197EB3 /* Resources */,
			);
			buildRules = (
			);
			dependencies = (
			);
			name = NewsApp;
			packageProductDependencies = (
				C4B1D15F28610C5B00197EB3 /* URLImage */,
				C4B1D16128610C5B00197EB3 /* URLImageStore */,
			);
			productName = NewsApp;
			productReference = C4B1D1382860ED2000197EB3 /* NewsApp.app */;
			productType = "com.apple.product-type.application";
		};
/* End PBXNativeTarget section */

/* Begin PBXProject section */
		C4B1D1302860ED2000197EB3 /* Project object */ = {
			isa = PBXProject;
			attributes = {
				BuildIndependentTargetsInParallel = 1;
				LastSwiftUpdateCheck = 1310;
				LastUpgradeCheck = 1310;
				TargetAttributes = {
					C4B1D1372860ED2000197EB3 = {
						CreatedOnToolsVersion = 13.1;
					};
				};
			};
			buildConfigurationList = C4B1D1332860ED2000197EB3 /* Build configuration list for PBXProject "NewsApp" */;
			compatibilityVersion = "Xcode 13.0";
			developmentRegion = en;
			hasScannedForEncodings = 0;
			knownRegions = (
				en,
				Base,
			);
			mainGroup = C4B1D12F2860ED2000197EB3;
			packageReferences = (
				C4B1D15E28610C5B00197EB3 /* XCRemoteSwiftPackageReference "url-image" */,
			);
			productRefGroup = C4B1D1392860ED2000197EB3 /* Products */;
			projectDirPath = "";
			projectRoot = "";
			targets = (
				C4B1D1372860ED2000197EB3 /* NewsApp */,
			);
		};
/* End PBXProject section */

/* Begin PBXResourcesBuildPhase section */
		C4B1D1362860ED2000197EB3 /* Resources */ = {
			isa = PBXResourcesBuildPhase;
			buildActionMask = 2147483647;
			files = (
				C4B1D1432860ED2400197EB3 /* Preview Assets.xcassets in Resources */,
				C4B1D1402860ED2400197EB3 /* Assets.xcassets in Resources */,
			);
			runOnlyForDeploymentPostprocessing = 0;
		};
/* End PBXResourcesBuildPhase section */

/* Begin PBXSourcesBuildPhase section */
		C4B1D1342860ED2000197EB3 /* Sources */ = {
			isa = PBXSourcesBuildPhase;
			buildActionMask = 2147483647;
			files = (
				C4B1D15A2861076700197EB3 /* ResultState.swift in Sources */,
				C4B1D1572861046000197EB3 /* NewsService.swift in Sources */,
				C4B1D14E286101BB00197EB3 /* NewsModel.swift in Sources */,
				C4B1D14B2860ED5500197EB3 /* HomeView.swift in Sources */,
				C49CB0DF2861AC6600E1BE87 /* FeedView.swift in Sources */,
				C4B1D13C2860ED2000197EB3 /* NewsAppApp.swift in Sources */,
				C4B1D1662861116800197EB3 /* ErrorView.swift in Sources */,
				C4B1D1542861036900197EB3 /* APIError.swift in Sources */,
				C4B1D1512861022600197EB3 /* NewsEndpoint.swift in Sources */,
				C4B1D16428610C8000197EB3 /* ArticleView.swift in Sources */,
				C4B1D15D286107AD00197EB3 /* NewsViewModel.swift in Sources */,
				C49CB0DD2861AC5400E1BE87 /* SettingsView.swift in Sources */,
			);
			runOnlyForDeploymentPostprocessing = 0;
		};
/* End PBXSourcesBuildPhase section */

/* Begin XCBuildConfiguration section */
		C4B1D1442860ED2400197EB3 /* Debug */ = {
			isa = XCBuildConfiguration;
			buildSettings = {
				ALWAYS_SEARCH_USER_PATHS = NO;
				CLANG_ANALYZER_NONNULL = YES;
				CLANG_ANALYZER_NUMBER_OBJECT_CONVERSION = YES_AGGRESSIVE;
				CLANG_CXX_LANGUAGE_STANDARD = "gnu++17";
				CLANG_CXX_LIBRARY = "libc++";
				CLANG_ENABLE_MODULES = YES;
				CLANG_ENABLE_OBJC_ARC = YES;
				CLANG_ENABLE_OBJC_WEAK = YES;
				CLANG_WARN_BLOCK_CAPTURE_AUTORELEASING = YES;
				CLANG_WARN_BOOL_CONVERSION = YES;
				CLANG_WARN_COMMA = YES;
				CLANG_WARN_CONSTANT_CONVERSION = YES;
				CLANG_WARN_DEPRECATED_OBJC_IMPLEMENTATIONS = YES;
				CLANG_WARN_DIRECT_OBJC_ISA_USAGE = YES_ERROR;
				CLANG_WARN_DOCUMENTATION_COMMENTS = YES;
				CLANG_WARN_EMPTY_BODY = YES;
				CLANG_WARN_ENUM_CONVERSION = YES;
				CLANG_WARN_INFINITE_RECURSION = YES;
				CLANG_WARN_INT_CONVERSION = YES;
				CLANG_WARN_NON_LITERAL_NULL_CONVERSION = YES;
				CLANG_WARN_OBJC_IMPLICIT_RETAIN_SELF = YES;
				CLANG_WARN_OBJC_LITERAL_CONVERSION = YES;
				CLANG_WARN_OBJC_ROOT_CLASS = YES_ERROR;
				CLANG_WARN_QUOTED_INCLUDE_IN_FRAMEWORK_HEADER = YES;
				CLANG_WARN_RANGE_LOOP_ANALYSIS = YES;
				CLANG_WARN_STRICT_PROTOTYPES = YES;
				CLANG_WARN_SUSPICIOUS_MOVE = YES;
				CLANG_WARN_UNGUARDED_AVAILABILITY = YES_AGGRESSIVE;
				CLANG_WARN_UNREACHABLE_CODE = YES;
				CLANG_WARN__DUPLICATE_METHOD_MATCH = YES;
				COPY_PHASE_STRIP = NO;
				DEBUG_INFORMATION_FORMAT = dwarf;
				ENABLE_STRICT_OBJC_MSGSEND = YES;
				ENABLE_TESTABILITY = YES;
				GCC_C_LANGUAGE_STANDARD = gnu11;
				GCC_DYNAMIC_NO_PIC = NO;
				GCC_NO_COMMON_BLOCKS = YES;
				GCC_OPTIMIZATION_LEVEL = 0;
				GCC_PREPROCESSOR_DEFINITIONS = (
					"DEBUG=1",
					"$(inherited)",
				);
				GCC_WARN_64_TO_32_BIT_CONVERSION = YES;
				GCC_WARN_ABOUT_RETURN_TYPE = YES_ERROR;
				GCC_WARN_UNDECLARED_SELECTOR = YES;
				GCC_WARN_UNINITIALIZED_AUTOS = YES_AGGRESSIVE;
				GCC_WARN_UNUSED_FUNCTION = YES;
				GCC_WARN_UNUSED_VARIABLE = YES;
				IPHONEOS_DEPLOYMENT_TARGET = 15.0;
				MTL_ENABLE_DEBUG_INFO = INCLUDE_SOURCE;
				MTL_FAST_MATH = YES;
				ONLY_ACTIVE_ARCH = YES;
				SDKROOT = iphoneos;
				SWIFT_ACTIVE_COMPILATION_CONDITIONS = DEBUG;
				SWIFT_OPTIMIZATION_LEVEL = "-Onone";
			};
			name = Debug;
		};
		C4B1D1452860ED2400197EB3 /* Release */ = {
			isa = XCBuildConfiguration;
			buildSettings = {
				ALWAYS_SEARCH_USER_PATHS = NO;
				CLANG_ANALYZER_NONNULL = YES;
				CLANG_ANALYZER_NUMBER_OBJECT_CONVERSION = YES_AGGRESSIVE;
				CLANG_CXX_LANGUAGE_STANDARD = "gnu++17";
				CLANG_CXX_LIBRARY = "libc++";
				CLANG_ENABLE_MODULES = YES;
				CLANG_ENABLE_OBJC_ARC = YES;
				CLANG_ENABLE_OBJC_WEAK = YES;
				CLANG_WARN_BLOCK_CAPTURE_AUTORELEASING = YES;
				CLANG_WARN_BOOL_CONVERSION = YES;
				CLANG_WARN_COMMA = YES;
				CLANG_WARN_CONSTANT_CONVERSION = YES;
				CLANG_WARN_DEPRECATED_OBJC_IMPLEMENTATIONS = YES;
				CLANG_WARN_DIRECT_OBJC_ISA_USAGE = YES_ERROR;
				CLANG_WARN_DOCUMENTATION_COMMENTS = YES;
				CLANG_WARN_EMPTY_BODY = YES;
				CLANG_WARN_ENUM_CONVERSION = YES;
				CLANG_WARN_INFINITE_RECURSION = YES;
				CLANG_WARN_INT_CONVERSION = YES;
				CLANG_WARN_NON_LITERAL_NULL_CONVERSION = YES;
				CLANG_WARN_OBJC_IMPLICIT_RETAIN_SELF = YES;
				CLANG_WARN_OBJC_LITERAL_CONVERSION = YES;
				CLANG_WARN_OBJC_ROOT_CLASS = YES_ERROR;
				CLANG_WARN_QUOTED_INCLUDE_IN_FRAMEWORK_HEADER = YES;
				CLANG_WARN_RANGE_LOOP_ANALYSIS = YES;
				CLANG_WARN_STRICT_PROTOTYPES = YES;
				CLANG_WARN_SUSPICIOUS_MOVE = YES;
				CLANG_WARN_UNGUARDED_AVAILABILITY = YES_AGGRESSIVE;
				CLANG_WARN_UNREACHABLE_CODE = YES;
				CLANG_WARN__DUPLICATE_METHOD_MATCH = YES;
				COPY_PHASE_STRIP = NO;
				DEBUG_INFORMATION_FORMAT = "dwarf-with-dsym";
				ENABLE_NS_ASSERTIONS = NO;
				ENABLE_STRICT_OBJC_MSGSEND = YES;
				GCC_C_LANGUAGE_STANDARD = gnu11;
				GCC_NO_COMMON_BLOCKS = YES;
				GCC_WARN_64_TO_32_BIT_CONVERSION = YES;
				GCC_WARN_ABOUT_RETURN_TYPE = YES_ERROR;
				GCC_WARN_UNDECLARED_SELECTOR = YES;
				GCC_WARN_UNINITIALIZED_AUTOS = YES_AGGRESSIVE;
				GCC_WARN_UNUSED_FUNCTION = YES;
				GCC_WARN_UNUSED_VARIABLE = YES;
				IPHONEOS_DEPLOYMENT_TARGET = 15.0;
				MTL_ENABLE_DEBUG_INFO = NO;
				MTL_FAST_MATH = YES;
				SDKROOT = iphoneos;
				SWIFT_COMPILATION_MODE = wholemodule;
				SWIFT_OPTIMIZATION_LEVEL = "-O";
				VALIDATE_PRODUCT = YES;
			};
			name = Release;
		};
		C4B1D1472860ED2400197EB3 /* Debug */ = {
			isa = XCBuildConfiguration;
			buildSettings = {
				ASSETCATALOG_COMPILER_APPICON_NAME = AppIcon;
				ASSETCATALOG_COMPILER_GLOBAL_ACCENT_COLOR_NAME = AccentColor;
				CODE_SIGN_STYLE = Automatic;
				CURRENT_PROJECT_VERSION = 1;
				DEVELOPMENT_ASSET_PATHS = "\"NewsApp/Preview Content\"";
				DEVELOPMENT_TEAM = ZWNHVMT8ZL;
				ENABLE_PREVIEWS = YES;
				GENERATE_INFOPLIST_FILE = YES;
				INFOPLIST_KEY_UIApplicationSceneManifest_Generation = YES;
				INFOPLIST_KEY_UIApplicationSupportsIndirectInputEvents = YES;
				INFOPLIST_KEY_UILaunchScreen_Generation = YES;
				INFOPLIST_KEY_UISupportedInterfaceOrientations_iPad = "UIInterfaceOrientationPortrait UIInterfaceOrientationPortraitUpsideDown UIInterfaceOrientationLandscapeLeft UIInterfaceOrientationLandscapeRight";
				INFOPLIST_KEY_UISupportedInterfaceOrientations_iPhone = "UIInterfaceOrientationPortrait UIInterfaceOrientationLandscapeLeft UIInterfaceOrientationLandscapeRight";
				LD_RUNPATH_SEARCH_PATHS = (
					"$(inherited)",
					"@executable_path/Frameworks",
				);
				MARKETING_VERSION = 1.0;
				PRODUCT_BUNDLE_IDENTIFIER = com.herocodes.NewsApp;
				PRODUCT_NAME = "$(TARGET_NAME)";
				SWIFT_EMIT_LOC_STRINGS = YES;
				SWIFT_VERSION = 5.0;
				TARGETED_DEVICE_FAMILY = "1,2";
			};
			name = Debug;
		};
		C4B1D1482860ED2400197EB3 /* Release */ = {
			isa = XCBuildConfiguration;
			buildSettings = {
				ASSETCATALOG_COMPILER_APPICON_NAME = AppIcon;
				ASSETCATALOG_COMPILER_GLOBAL_ACCENT_COLOR_NAME = AccentColor;
				CODE_SIGN_STYLE = Automatic;
				CURRENT_PROJECT_VERSION = 1;
				DEVELOPMENT_ASSET_PATHS = "\"NewsApp/Preview Content\"";
				DEVELOPMENT_TEAM = ZWNHVMT8ZL;
				ENABLE_PREVIEWS = YES;
				GENERATE_INFOPLIST_FILE = YES;
				INFOPLIST_KEY_UIApplicationSceneManifest_Generation = YES;
				INFOPLIST_KEY_UIApplicationSupportsIndirectInputEvents = YES;
				INFOPLIST_KEY_UILaunchScreen_Generation = YES;
				INFOPLIST_KEY_UISupportedInterfaceOrientations_iPad = "UIInterfaceOrientationPortrait UIInterfaceOrientationPortraitUpsideDown UIInterfaceOrientationLandscapeLeft UIInterfaceOrientationLandscapeRight";
				INFOPLIST_KEY_UISupportedInterfaceOrientations_iPhone = "UIInterfaceOrientationPortrait UIInterfaceOrientationLandscapeLeft UIInterfaceOrientationLandscapeRight";
				LD_RUNPATH_SEARCH_PATHS = (
					"$(inherited)",
					"@executable_path/Frameworks",
				);
				MARKETING_VERSION = 1.0;
				PRODUCT_BUNDLE_IDENTIFIER = com.herocodes.NewsApp;
				PRODUCT_NAME = "$(TARGET_NAME)";
				SWIFT_EMIT_LOC_STRINGS = YES;
				SWIFT_VERSION = 5.0;
				TARGETED_DEVICE_FAMILY = "1,2";
			};
			name = Release;
		};
/* End XCBuildConfiguration section */

/* Begin XCConfigurationList section */
		C4B1D1332860ED2000197EB3 /* Build configuration list for PBXProject "NewsApp" */ = {
			isa = XCConfigurationList;
			buildConfigurations = (
				C4B1D1442860ED2400197EB3 /* Debug */,
				C4B1D1452860ED2400197EB3 /* Release */,
			);
			defaultConfigurationIsVisible = 0;
			defaultConfigurationName = Release;
		};
		C4B1D1462860ED2400197EB3 /* Build configuration list for PBXNativeTarget "NewsApp" */ = {
			isa = XCConfigurationList;
			buildConfigurations = (
				C4B1D1472860ED2400197EB3 /* Debug */,
				C4B1D1482860ED2400197EB3 /* Release */,
			);
			defaultConfigurationIsVisible = 0;
			defaultConfigurationName = Release;
		};
/* End XCConfigurationList section */

/* Begin XCRemoteSwiftPackageReference section */
		C4B1D15E28610C5B00197EB3 /* XCRemoteSwiftPackageReference "url-image" */ = {
			isa = XCRemoteSwiftPackageReference;
			repositoryURL = "https://github.com/dmytro-anokhin/url-image";
			requirement = {
				kind = upToNextMajorVersion;
				minimumVersion = 3.0.0;
			};
		};
/* End XCRemoteSwiftPackageReference section */

/* Begin XCSwiftPackageProductDependency section */
		C4B1D15F28610C5B00197EB3 /* URLImage */ = {
			isa = XCSwiftPackageProductDependency;
			package = C4B1D15E28610C5B00197EB3 /* XCRemoteSwiftPackageReference "url-image" */;
			productName = URLImage;
		};
		C4B1D16128610C5B00197EB3 /* URLImageStore */ = {
			isa = XCSwiftPackageProductDependency;
			package = C4B1D15E28610C5B00197EB3 /* XCRemoteSwiftPackageReference "url-image" */;
			productName = URLImageStore;
		};
/* End XCSwiftPackageProductDependency section */
	};
	rootObject = C4B1D1302860ED2000197EB3 /* Project object */;
}
